// !$*UTF8*$!
{
	archiveVersion = 1;
	classes = {
	};
	objectVersion = 52;
	objects = {

/* Begin PBXBuildFile section */
		1910564127F4781D00076249 /* FriendsViewModel.swift in Sources */ = {isa = PBXBuildFile; fileRef = 1910564027F4781D00076249 /* FriendsViewModel.swift */; };
		1910564527F491F300076249 /* FriendGalleryViewModel.swift in Sources */ = {isa = PBXBuildFile; fileRef = 1910564427F491F300076249 /* FriendGalleryViewModel.swift */; };
		1910564A27F4991700076249 /* PhotoService.swift in Sources */ = {isa = PBXBuildFile; fileRef = 1910564927F4991700076249 /* PhotoService.swift */; };
		1910564C27F4AA9600076249 /* Session.swift in Sources */ = {isa = PBXBuildFile; fileRef = 1910564B27F4AA9600076249 /* Session.swift */; };
		1910564F27F5A05200076249 /* Realm in Frameworks */ = {isa = PBXBuildFile; productRef = 1910564E27F5A05200076249 /* Realm */; };
		1910565127F5A05200076249 /* RealmSwift in Frameworks */ = {isa = PBXBuildFile; productRef = 1910565027F5A05200076249 /* RealmSwift */; };
		1910565427F5A30700076249 /* User.swift in Sources */ = {isa = PBXBuildFile; fileRef = 1910565327F5A30700076249 /* User.swift */; };
		1910565727F5A47D00076249 /* Photo.swift in Sources */ = {isa = PBXBuildFile; fileRef = 1910565627F5A47D00076249 /* Photo.swift */; };
		1910565927F5AE2B00076249 /* UserService.swift in Sources */ = {isa = PBXBuildFile; fileRef = 1910565827F5AE2B00076249 /* UserService.swift */; };
		19A04B5A27FCCF9C00A3284C /* GroupService.swift in Sources */ = {isa = PBXBuildFile; fileRef = 19A04B5927FCCF9C00A3284C /* GroupService.swift */; };
		19A04B6027FCD2F300A3284C /* Group.swift in Sources */ = {isa = PBXBuildFile; fileRef = 19A04B5F27FCD2F300A3284C /* Group.swift */; };
		19A04B6227FCD30800A3284C /* GroupsViewModel.swift in Sources */ = {isa = PBXBuildFile; fileRef = 19A04B6127FCD30800A3284C /* GroupsViewModel.swift */; };
		19A494FC27F729C600767DBA /* Kingfisher in Frameworks */ = {isa = PBXBuildFile; productRef = 19A494FB27F729C600767DBA /* Kingfisher */; };
		19A494FF27F7654900767DBA /* RealmManager.swift in Sources */ = {isa = PBXBuildFile; fileRef = 19A494FE27F7654900767DBA /* RealmManager.swift */; };
		19B68E6F27E8FBAD0003DCBC /* AppDelegate.swift in Sources */ = {isa = PBXBuildFile; fileRef = 19B68E6E27E8FBAD0003DCBC /* AppDelegate.swift */; };
		19B68E7127E8FBAD0003DCBC /* SceneDelegate.swift in Sources */ = {isa = PBXBuildFile; fileRef = 19B68E7027E8FBAD0003DCBC /* SceneDelegate.swift */; };
		19B68E7327E8FBAD0003DCBC /* LoginView.swift in Sources */ = {isa = PBXBuildFile; fileRef = 19B68E7227E8FBAD0003DCBC /* LoginView.swift */; };
		19B68E7627E8FBAD0003DCBC /* GBSwiftUI.xcdatamodeld in Sources */ = {isa = PBXBuildFile; fileRef = 19B68E7427E8FBAD0003DCBC /* GBSwiftUI.xcdatamodeld */; };
		19B68E7827E8FBB00003DCBC /* Assets.xcassets in Resources */ = {isa = PBXBuildFile; fileRef = 19B68E7727E8FBB00003DCBC /* Assets.xcassets */; };
		19B68E7B27E8FBB00003DCBC /* Preview Assets.xcassets in Resources */ = {isa = PBXBuildFile; fileRef = 19B68E7A27E8FBB00003DCBC /* Preview Assets.xcassets */; };
		19B68E7E27E8FBB00003DCBC /* LaunchScreen.storyboard in Resources */ = {isa = PBXBuildFile; fileRef = 19B68E7C27E8FBB00003DCBC /* LaunchScreen.storyboard */; };
		19B68E8927E8FBB10003DCBC /* GBSwiftUITests.swift in Sources */ = {isa = PBXBuildFile; fileRef = 19B68E8827E8FBB10003DCBC /* GBSwiftUITests.swift */; };
		19B68E9427E8FBB10003DCBC /* GBSwiftUIUITests.swift in Sources */ = {isa = PBXBuildFile; fileRef = 19B68E9327E8FBB10003DCBC /* GBSwiftUIUITests.swift */; };
		19B68EEA27EB436B0003DCBC /* UserRow.swift in Sources */ = {isa = PBXBuildFile; fileRef = 19B68EE927EB436B0003DCBC /* UserRow.swift */; };
		19B68EEF27EB437F0003DCBC /* GroupRow.swift in Sources */ = {isa = PBXBuildFile; fileRef = 19B68EEE27EB437F0003DCBC /* GroupRow.swift */; };
		19B68EFA27EB574F0003DCBC /* CircleImage.swift in Sources */ = {isa = PBXBuildFile; fileRef = 19B68EF927EB574E0003DCBC /* CircleImage.swift */; };
		19B68F0227EC98710003DCBC /* ContainerView.swift in Sources */ = {isa = PBXBuildFile; fileRef = 19B68F0127EC986F0003DCBC /* ContainerView.swift */; };
		19B68F0A27EC9B520003DCBC /* FriendsView.swift in Sources */ = {isa = PBXBuildFile; fileRef = 19B68F0927EC9B520003DCBC /* FriendsView.swift */; };
		19B68F1327ECE8560003DCBC /* FriendGalleryView.swift in Sources */ = {isa = PBXBuildFile; fileRef = 19B68F1227ECE8560003DCBC /* FriendGalleryView.swift */; };
		19B87CBA27F23F1300DA3CAE /* ASCollectionView in Frameworks */ = {isa = PBXBuildFile; productRef = 19B87CB927F23F1300DA3CAE /* ASCollectionView */; };
		19B87CBD27F30BAE00DA3CAE /* GalleryRow.swift in Sources */ = {isa = PBXBuildFile; fileRef = 19B87CBC27F30BAE00DA3CAE /* GalleryRow.swift */; };
		19B87CC327F3433600DA3CAE /* GroupsView.swift in Sources */ = {isa = PBXBuildFile; fileRef = 19B87CC227F3433600DA3CAE /* GroupsView.swift */; };
		19B87CC627F343DB00DA3CAE /* NewsView.swift in Sources */ = {isa = PBXBuildFile; fileRef = 19B87CC527F343DB00DA3CAE /* NewsView.swift */; };
		19BE640D280725B10099663F /* CodingStyle.swift in Sources */ = {isa = PBXBuildFile; fileRef = 19BE640C280725B10099663F /* CodingStyle.swift */; };
/* End PBXBuildFile section */

/* Begin PBXContainerItemProxy section */
		19B68E8527E8FBB10003DCBC /* PBXContainerItemProxy */ = {
			isa = PBXContainerItemProxy;
			containerPortal = 19B68E6327E8FBAD0003DCBC /* Project object */;
			proxyType = 1;
			remoteGlobalIDString = 19B68E6A27E8FBAD0003DCBC;
			remoteInfo = GBSwiftUI;
		};
		19B68E9027E8FBB10003DCBC /* PBXContainerItemProxy */ = {
			isa = PBXContainerItemProxy;
			containerPortal = 19B68E6327E8FBAD0003DCBC /* Project object */;
			proxyType = 1;
			remoteGlobalIDString = 19B68E6A27E8FBAD0003DCBC;
			remoteInfo = GBSwiftUI;
		};
/* End PBXContainerItemProxy section */

/* Begin PBXCopyFilesBuildPhase section */
		19B68F2027ECF26B0003DCBC /* Embed Frameworks */ = {
			isa = PBXCopyFilesBuildPhase;
			buildActionMask = 2147483647;
			dstPath = "";
			dstSubfolderSpec = 10;
			files = (
			);
			name = "Embed Frameworks";
			runOnlyForDeploymentPostprocessing = 0;
		};
/* End PBXCopyFilesBuildPhase section */

/* Begin PBXFileReference section */
		1910564027F4781D00076249 /* FriendsViewModel.swift */ = {isa = PBXFileReference; lastKnownFileType = sourcecode.swift; path = FriendsViewModel.swift; sourceTree = "<group>"; };
		1910564427F491F300076249 /* FriendGalleryViewModel.swift */ = {isa = PBXFileReference; lastKnownFileType = sourcecode.swift; path = FriendGalleryViewModel.swift; sourceTree = "<group>"; };
		1910564927F4991700076249 /* PhotoService.swift */ = {isa = PBXFileReference; lastKnownFileType = sourcecode.swift; path = PhotoService.swift; sourceTree = "<group>"; };
		1910564B27F4AA9600076249 /* Session.swift */ = {isa = PBXFileReference; lastKnownFileType = sourcecode.swift; path = Session.swift; sourceTree = "<group>"; };
		1910565327F5A30700076249 /* User.swift */ = {isa = PBXFileReference; lastKnownFileType = sourcecode.swift; path = User.swift; sourceTree = "<group>"; };
		1910565627F5A47D00076249 /* Photo.swift */ = {isa = PBXFileReference; lastKnownFileType = sourcecode.swift; path = Photo.swift; sourceTree = "<group>"; };
		1910565827F5AE2B00076249 /* UserService.swift */ = {isa = PBXFileReference; lastKnownFileType = sourcecode.swift; path = UserService.swift; sourceTree = "<group>"; };
		19A04B5927FCCF9C00A3284C /* GroupService.swift */ = {isa = PBXFileReference; lastKnownFileType = sourcecode.swift; path = GroupService.swift; sourceTree = "<group>"; };
		19A04B5F27FCD2F300A3284C /* Group.swift */ = {isa = PBXFileReference; lastKnownFileType = sourcecode.swift; path = Group.swift; sourceTree = "<group>"; };
		19A04B6127FCD30800A3284C /* GroupsViewModel.swift */ = {isa = PBXFileReference; lastKnownFileType = sourcecode.swift; path = GroupsViewModel.swift; sourceTree = "<group>"; };
		19A494FE27F7654900767DBA /* RealmManager.swift */ = {isa = PBXFileReference; lastKnownFileType = sourcecode.swift; path = RealmManager.swift; sourceTree = "<group>"; };
		19B68E6B27E8FBAD0003DCBC /* GBSwiftUI.app */ = {isa = PBXFileReference; explicitFileType = wrapper.application; includeInIndex = 0; path = GBSwiftUI.app; sourceTree = BUILT_PRODUCTS_DIR; };
		19B68E6E27E8FBAD0003DCBC /* AppDelegate.swift */ = {isa = PBXFileReference; lastKnownFileType = sourcecode.swift; path = AppDelegate.swift; sourceTree = "<group>"; };
		19B68E7027E8FBAD0003DCBC /* SceneDelegate.swift */ = {isa = PBXFileReference; lastKnownFileType = sourcecode.swift; path = SceneDelegate.swift; sourceTree = "<group>"; };
		19B68E7227E8FBAD0003DCBC /* LoginView.swift */ = {isa = PBXFileReference; indentWidth = 4; lastKnownFileType = sourcecode.swift; path = LoginView.swift; sourceTree = "<group>"; };
		19B68E7527E8FBAD0003DCBC /* GBSwiftUI.xcdatamodel */ = {isa = PBXFileReference; lastKnownFileType = wrapper.xcdatamodel; path = GBSwiftUI.xcdatamodel; sourceTree = "<group>"; };
		19B68E7727E8FBB00003DCBC /* Assets.xcassets */ = {isa = PBXFileReference; lastKnownFileType = folder.assetcatalog; path = Assets.xcassets; sourceTree = "<group>"; };
		19B68E7A27E8FBB00003DCBC /* Preview Assets.xcassets */ = {isa = PBXFileReference; lastKnownFileType = folder.assetcatalog; path = "Preview Assets.xcassets"; sourceTree = "<group>"; };
		19B68E7D27E8FBB00003DCBC /* Base */ = {isa = PBXFileReference; lastKnownFileType = file.storyboard; name = Base; path = Base.lproj/LaunchScreen.storyboard; sourceTree = "<group>"; };
		19B68E7F27E8FBB00003DCBC /* Info.plist */ = {isa = PBXFileReference; lastKnownFileType = text.plist.xml; path = Info.plist; sourceTree = "<group>"; };
		19B68E8427E8FBB10003DCBC /* GBSwiftUITests.xctest */ = {isa = PBXFileReference; explicitFileType = wrapper.cfbundle; includeInIndex = 0; path = GBSwiftUITests.xctest; sourceTree = BUILT_PRODUCTS_DIR; };
		19B68E8827E8FBB10003DCBC /* GBSwiftUITests.swift */ = {isa = PBXFileReference; lastKnownFileType = sourcecode.swift; path = GBSwiftUITests.swift; sourceTree = "<group>"; };
		19B68E8A27E8FBB10003DCBC /* Info.plist */ = {isa = PBXFileReference; lastKnownFileType = text.plist.xml; path = Info.plist; sourceTree = "<group>"; };
		19B68E8F27E8FBB10003DCBC /* GBSwiftUIUITests.xctest */ = {isa = PBXFileReference; explicitFileType = wrapper.cfbundle; includeInIndex = 0; path = GBSwiftUIUITests.xctest; sourceTree = BUILT_PRODUCTS_DIR; };
		19B68E9327E8FBB10003DCBC /* GBSwiftUIUITests.swift */ = {isa = PBXFileReference; lastKnownFileType = sourcecode.swift; path = GBSwiftUIUITests.swift; sourceTree = "<group>"; };
		19B68E9527E8FBB10003DCBC /* Info.plist */ = {isa = PBXFileReference; lastKnownFileType = text.plist.xml; path = Info.plist; sourceTree = "<group>"; };
		19B68EE927EB436B0003DCBC /* UserRow.swift */ = {isa = PBXFileReference; lastKnownFileType = sourcecode.swift; path = UserRow.swift; sourceTree = "<group>"; };
		19B68EEE27EB437F0003DCBC /* GroupRow.swift */ = {isa = PBXFileReference; lastKnownFileType = sourcecode.swift; path = GroupRow.swift; sourceTree = "<group>"; };
		19B68EF927EB574E0003DCBC /* CircleImage.swift */ = {isa = PBXFileReference; lastKnownFileType = sourcecode.swift; path = CircleImage.swift; sourceTree = "<group>"; };
		19B68F0127EC986F0003DCBC /* ContainerView.swift */ = {isa = PBXFileReference; lastKnownFileType = sourcecode.swift; path = ContainerView.swift; sourceTree = "<group>"; };
		19B68F0927EC9B520003DCBC /* FriendsView.swift */ = {isa = PBXFileReference; lastKnownFileType = sourcecode.swift; path = FriendsView.swift; sourceTree = "<group>"; };
		19B68F1227ECE8560003DCBC /* FriendGalleryView.swift */ = {isa = PBXFileReference; lastKnownFileType = sourcecode.swift; path = FriendGalleryView.swift; sourceTree = "<group>"; };
		19B87CBC27F30BAE00DA3CAE /* GalleryRow.swift */ = {isa = PBXFileReference; lastKnownFileType = sourcecode.swift; path = GalleryRow.swift; sourceTree = "<group>"; };
		19B87CC227F3433600DA3CAE /* GroupsView.swift */ = {isa = PBXFileReference; lastKnownFileType = sourcecode.swift; path = GroupsView.swift; sourceTree = "<group>"; };
		19B87CC527F343DB00DA3CAE /* NewsView.swift */ = {isa = PBXFileReference; lastKnownFileType = sourcecode.swift; path = NewsView.swift; sourceTree = "<group>"; };
		19BE640C280725B10099663F /* CodingStyle.swift */ = {isa = PBXFileReference; lastKnownFileType = sourcecode.swift; path = CodingStyle.swift; sourceTree = "<group>"; };
/* End PBXFileReference section */

/* Begin PBXFrameworksBuildPhase section */
		19B68E6827E8FBAD0003DCBC /* Frameworks */ = {
			isa = PBXFrameworksBuildPhase;
			buildActionMask = 2147483647;
			files = (
				19A494FC27F729C600767DBA /* Kingfisher in Frameworks */,
				1910565127F5A05200076249 /* RealmSwift in Frameworks */,
				1910564F27F5A05200076249 /* Realm in Frameworks */,
				19B87CBA27F23F1300DA3CAE /* ASCollectionView in Frameworks */,
			);
			runOnlyForDeploymentPostprocessing = 0;
		};
		19B68E8127E8FBB10003DCBC /* Frameworks */ = {
			isa = PBXFrameworksBuildPhase;
			buildActionMask = 2147483647;
			files = (
			);
			runOnlyForDeploymentPostprocessing = 0;
		};
		19B68E8C27E8FBB10003DCBC /* Frameworks */ = {
			isa = PBXFrameworksBuildPhase;
			buildActionMask = 2147483647;
			files = (
			);
			runOnlyForDeploymentPostprocessing = 0;
		};
/* End PBXFrameworksBuildPhase section */

/* Begin PBXGroup section */
		1910563E27F477DD00076249 /* View */ = {
			isa = PBXGroup;
			children = (
				19B68F0927EC9B520003DCBC /* FriendsView.swift */,
				19B68EE927EB436B0003DCBC /* UserRow.swift */,
			);
			path = View;
			sourceTree = "<group>";
		};
		1910563F27F477E800076249 /* ViewModel */ = {
			isa = PBXGroup;
			children = (
				1910564027F4781D00076249 /* FriendsViewModel.swift */,
			);
			path = ViewModel;
			sourceTree = "<group>";
		};
		1910564227F491CA00076249 /* View */ = {
			isa = PBXGroup;
			children = (
				19B68F1227ECE8560003DCBC /* FriendGalleryView.swift */,
				19B87CBB27F30B7400DA3CAE /* Rows */,
			);
			path = View;
			sourceTree = "<group>";
		};
		1910564327F491D700076249 /* ViewModel */ = {
			isa = PBXGroup;
			children = (
				1910564427F491F300076249 /* FriendGalleryViewModel.swift */,
			);
			path = ViewModel;
			sourceTree = "<group>";
		};
		1910564627F498E400076249 /* Core */ = {
			isa = PBXGroup;
			children = (
				19A494FD27F7652B00767DBA /* RealmManager */,
				1910564727F498EA00076249 /* Service */,
			);
			path = Core;
			sourceTree = "<group>";
		};
		1910564727F498EA00076249 /* Service */ = {
			isa = PBXGroup;
			children = (
				1910564B27F4AA9600076249 /* Session.swift */,
				1910565827F5AE2B00076249 /* UserService.swift */,
				1910564927F4991700076249 /* PhotoService.swift */,
				19A04B5927FCCF9C00A3284C /* GroupService.swift */,
			);
			path = Service;
			sourceTree = "<group>";
		};
		1910565227F5A2E600076249 /* Models */ = {
			isa = PBXGroup;
			children = (
				1910565327F5A30700076249 /* User.swift */,
			);
			path = Models;
			sourceTree = "<group>";
		};
		1910565527F5A46D00076249 /* Models */ = {
			isa = PBXGroup;
			children = (
				1910565627F5A47D00076249 /* Photo.swift */,
			);
			path = Models;
			sourceTree = "<group>";
		};
		19A04B5C27FCD2AF00A3284C /* Model */ = {
			isa = PBXGroup;
			children = (
				19A04B5F27FCD2F300A3284C /* Group.swift */,
			);
			path = Model;
			sourceTree = "<group>";
		};
		19A04B5D27FCD2BC00A3284C /* ViewModel */ = {
			isa = PBXGroup;
			children = (
				19A04B6127FCD30800A3284C /* GroupsViewModel.swift */,
			);
			path = ViewModel;
			sourceTree = "<group>";
		};
		19A04B5E27FCD2C700A3284C /* View */ = {
			isa = PBXGroup;
			children = (
				19B87CC227F3433600DA3CAE /* GroupsView.swift */,
				19B68EEE27EB437F0003DCBC /* GroupRow.swift */,
			);
			path = View;
			sourceTree = "<group>";
		};
		19A494FD27F7652B00767DBA /* RealmManager */ = {
			isa = PBXGroup;
			children = (
				19A494FE27F7654900767DBA /* RealmManager.swift */,
			);
			path = RealmManager;
			sourceTree = "<group>";
		};
		19B68E6227E8FBAD0003DCBC = {
			isa = PBXGroup;
			children = (
				19B68E6D27E8FBAD0003DCBC /* GBSwiftUI */,
				19B68E8727E8FBB10003DCBC /* GBSwiftUITests */,
				19B68E9227E8FBB10003DCBC /* GBSwiftUIUITests */,
				19B68E6C27E8FBAD0003DCBC /* Products */,
				3973F63EE9356C389DDB3461 /* Frameworks */,
			);
			sourceTree = "<group>";
		};
		19B68E6C27E8FBAD0003DCBC /* Products */ = {
			isa = PBXGroup;
			children = (
				19B68E6B27E8FBAD0003DCBC /* GBSwiftUI.app */,
				19B68E8427E8FBB10003DCBC /* GBSwiftUITests.xctest */,
				19B68E8F27E8FBB10003DCBC /* GBSwiftUIUITests.xctest */,
			);
			name = Products;
			sourceTree = "<group>";
		};
		19B68E6D27E8FBAD0003DCBC /* GBSwiftUI */ = {
			isa = PBXGroup;
			children = (
				1910564627F498E400076249 /* Core */,
				19B87CC027F342E600DA3CAE /* Auth */,
				19B87CBE27F3429C00DA3CAE /* Friends */,
				19B68F1127ECE80F0003DCBC /* FriendGallery */,
				19B87CBF27F342CA00DA3CAE /* Groups */,
				19B87CC427F343C900DA3CAE /* News */,
				19B87CC127F3430000DA3CAE /* Views */,
				19BE640A2807257E0099663F /* PropertyWrappers */,
				19B68E6E27E8FBAD0003DCBC /* AppDelegate.swift */,
				19B68E7027E8FBAD0003DCBC /* SceneDelegate.swift */,
				19B68F0127EC986F0003DCBC /* ContainerView.swift */,
				19B68E7727E8FBB00003DCBC /* Assets.xcassets */,
				19B68E7C27E8FBB00003DCBC /* LaunchScreen.storyboard */,
				19B68E7F27E8FBB00003DCBC /* Info.plist */,
				19B68E7427E8FBAD0003DCBC /* GBSwiftUI.xcdatamodeld */,
				19B68E7927E8FBB00003DCBC /* Preview Content */,
			);
			path = GBSwiftUI;
			sourceTree = "<group>";
		};
		19B68E7927E8FBB00003DCBC /* Preview Content */ = {
			isa = PBXGroup;
			children = (
				19B68E7A27E8FBB00003DCBC /* Preview Assets.xcassets */,
			);
			path = "Preview Content";
			sourceTree = "<group>";
		};
		19B68E8727E8FBB10003DCBC /* GBSwiftUITests */ = {
			isa = PBXGroup;
			children = (
				19B68E8827E8FBB10003DCBC /* GBSwiftUITests.swift */,
				19B68E8A27E8FBB10003DCBC /* Info.plist */,
			);
			path = GBSwiftUITests;
			sourceTree = "<group>";
		};
		19B68E9227E8FBB10003DCBC /* GBSwiftUIUITests */ = {
			isa = PBXGroup;
			children = (
				19B68E9327E8FBB10003DCBC /* GBSwiftUIUITests.swift */,
				19B68E9527E8FBB10003DCBC /* Info.plist */,
			);
			path = GBSwiftUIUITests;
			sourceTree = "<group>";
		};
		19B68F1127ECE80F0003DCBC /* FriendGallery */ = {
			isa = PBXGroup;
			children = (
				1910565527F5A46D00076249 /* Models */,
				1910564327F491D700076249 /* ViewModel */,
				1910564227F491CA00076249 /* View */,
			);
			path = FriendGallery;
			sourceTree = "<group>";
		};
		19B87CBB27F30B7400DA3CAE /* Rows */ = {
			isa = PBXGroup;
			children = (
				19B87CBC27F30BAE00DA3CAE /* GalleryRow.swift */,
			);
			path = Rows;
			sourceTree = "<group>";
		};
		19B87CBE27F3429C00DA3CAE /* Friends */ = {
			isa = PBXGroup;
			children = (
				1910565227F5A2E600076249 /* Models */,
				1910563F27F477E800076249 /* ViewModel */,
				1910563E27F477DD00076249 /* View */,
			);
			path = Friends;
			sourceTree = "<group>";
		};
		19B87CBF27F342CA00DA3CAE /* Groups */ = {
			isa = PBXGroup;
			children = (
				19A04B5C27FCD2AF00A3284C /* Model */,
				19A04B5D27FCD2BC00A3284C /* ViewModel */,
				19A04B5E27FCD2C700A3284C /* View */,
			);
			path = Groups;
			sourceTree = "<group>";
		};
		19B87CC027F342E600DA3CAE /* Auth */ = {
			isa = PBXGroup;
			children = (
				19B68E7227E8FBAD0003DCBC /* LoginView.swift */,
			);
			path = Auth;
			sourceTree = "<group>";
		};
		19B87CC127F3430000DA3CAE /* Views */ = {
			isa = PBXGroup;
			children = (
				19B68EF927EB574E0003DCBC /* CircleImage.swift */,
			);
			path = Views;
			sourceTree = "<group>";
		};
		19B87CC427F343C900DA3CAE /* News */ = {
			isa = PBXGroup;
			children = (
				19B87CC527F343DB00DA3CAE /* NewsView.swift */,
			);
			path = News;
			sourceTree = "<group>";
		};
		19BE640A2807257E0099663F /* PropertyWrappers */ = {
			isa = PBXGroup;
			children = (
				19BE640B280725950099663F /* CodingStyle */,
			);
			path = PropertyWrappers;
			sourceTree = "<group>";
		};
		19BE640B280725950099663F /* CodingStyle */ = {
			isa = PBXGroup;
			children = (
				19BE640C280725B10099663F /* CodingStyle.swift */,
			);
			path = CodingStyle;
			sourceTree = "<group>";
		};
		3973F63EE9356C389DDB3461 /* Frameworks */ = {
			isa = PBXGroup;
			children = (
			);
			name = Frameworks;
			sourceTree = "<group>";
		};
/* End PBXGroup section */

/* Begin PBXNativeTarget section */
		19B68E6A27E8FBAD0003DCBC /* GBSwiftUI */ = {
			isa = PBXNativeTarget;
			buildConfigurationList = 19B68E9827E8FBB10003DCBC /* Build configuration list for PBXNativeTarget "GBSwiftUI" */;
			buildPhases = (
				19B68E6727E8FBAD0003DCBC /* Sources */,
				19B68E6827E8FBAD0003DCBC /* Frameworks */,
				19B68E6927E8FBAD0003DCBC /* Resources */,
				19B68F2027ECF26B0003DCBC /* Embed Frameworks */,
			);
			buildRules = (
			);
			dependencies = (
			);
			name = GBSwiftUI;
			packageProductDependencies = (
				19B87CB927F23F1300DA3CAE /* ASCollectionView */,
				1910564E27F5A05200076249 /* Realm */,
				1910565027F5A05200076249 /* RealmSwift */,
				19A494FB27F729C600767DBA /* Kingfisher */,
			);
			productName = GBSwiftUI;
			productReference = 19B68E6B27E8FBAD0003DCBC /* GBSwiftUI.app */;
			productType = "com.apple.product-type.application";
		};
		19B68E8327E8FBB10003DCBC /* GBSwiftUITests */ = {
			isa = PBXNativeTarget;
			buildConfigurationList = 19B68E9B27E8FBB10003DCBC /* Build configuration list for PBXNativeTarget "GBSwiftUITests" */;
			buildPhases = (
				19B68E8027E8FBB10003DCBC /* Sources */,
				19B68E8127E8FBB10003DCBC /* Frameworks */,
				19B68E8227E8FBB10003DCBC /* Resources */,
			);
			buildRules = (
			);
			dependencies = (
				19B68E8627E8FBB10003DCBC /* PBXTargetDependency */,
			);
			name = GBSwiftUITests;
			productName = GBSwiftUITests;
			productReference = 19B68E8427E8FBB10003DCBC /* GBSwiftUITests.xctest */;
			productType = "com.apple.product-type.bundle.unit-test";
		};
		19B68E8E27E8FBB10003DCBC /* GBSwiftUIUITests */ = {
			isa = PBXNativeTarget;
			buildConfigurationList = 19B68E9E27E8FBB10003DCBC /* Build configuration list for PBXNativeTarget "GBSwiftUIUITests" */;
			buildPhases = (
				19B68E8B27E8FBB10003DCBC /* Sources */,
				19B68E8C27E8FBB10003DCBC /* Frameworks */,
				19B68E8D27E8FBB10003DCBC /* Resources */,
			);
			buildRules = (
			);
			dependencies = (
				19B68E9127E8FBB10003DCBC /* PBXTargetDependency */,
			);
			name = GBSwiftUIUITests;
			productName = GBSwiftUIUITests;
			productReference = 19B68E8F27E8FBB10003DCBC /* GBSwiftUIUITests.xctest */;
			productType = "com.apple.product-type.bundle.ui-testing";
		};
/* End PBXNativeTarget section */

/* Begin PBXProject section */
		19B68E6327E8FBAD0003DCBC /* Project object */ = {
			isa = PBXProject;
			attributes = {
				LastSwiftUpdateCheck = 1210;
				LastUpgradeCheck = 1210;
				TargetAttributes = {
					19B68E6A27E8FBAD0003DCBC = {
						CreatedOnToolsVersion = 12.1.1;
					};
					19B68E8327E8FBB10003DCBC = {
						CreatedOnToolsVersion = 12.1.1;
						TestTargetID = 19B68E6A27E8FBAD0003DCBC;
					};
					19B68E8E27E8FBB10003DCBC = {
						CreatedOnToolsVersion = 12.1.1;
						TestTargetID = 19B68E6A27E8FBAD0003DCBC;
					};
				};
			};
			buildConfigurationList = 19B68E6627E8FBAD0003DCBC /* Build configuration list for PBXProject "GBSwiftUI" */;
			compatibilityVersion = "Xcode 9.3";
			developmentRegion = en;
			hasScannedForEncodings = 0;
			knownRegions = (
				en,
				Base,
			);
			mainGroup = 19B68E6227E8FBAD0003DCBC;
			packageReferences = (
				19B87CB827F23F1300DA3CAE /* XCRemoteSwiftPackageReference "ASCollectionView" */,
				1910564D27F5A05100076249 /* XCRemoteSwiftPackageReference "realm-swift" */,
				19A494FA27F729C500767DBA /* XCRemoteSwiftPackageReference "Kingfisher" */,
			);
			productRefGroup = 19B68E6C27E8FBAD0003DCBC /* Products */;
			projectDirPath = "";
			projectRoot = "";
			targets = (
				19B68E6A27E8FBAD0003DCBC /* GBSwiftUI */,
				19B68E8327E8FBB10003DCBC /* GBSwiftUITests */,
				19B68E8E27E8FBB10003DCBC /* GBSwiftUIUITests */,
			);
		};
/* End PBXProject section */

/* Begin PBXResourcesBuildPhase section */
		19B68E6927E8FBAD0003DCBC /* Resources */ = {
			isa = PBXResourcesBuildPhase;
			buildActionMask = 2147483647;
			files = (
				19B68E7E27E8FBB00003DCBC /* LaunchScreen.storyboard in Resources */,
				19B68E7B27E8FBB00003DCBC /* Preview Assets.xcassets in Resources */,
				19B68E7827E8FBB00003DCBC /* Assets.xcassets in Resources */,
			);
			runOnlyForDeploymentPostprocessing = 0;
		};
		19B68E8227E8FBB10003DCBC /* Resources */ = {
			isa = PBXResourcesBuildPhase;
			buildActionMask = 2147483647;
			files = (
			);
			runOnlyForDeploymentPostprocessing = 0;
		};
		19B68E8D27E8FBB10003DCBC /* Resources */ = {
			isa = PBXResourcesBuildPhase;
			buildActionMask = 2147483647;
			files = (
			);
			runOnlyForDeploymentPostprocessing = 0;
		};
/* End PBXResourcesBuildPhase section */

/* Begin PBXSourcesBuildPhase section */
		19B68E6727E8FBAD0003DCBC /* Sources */ = {
			isa = PBXSourcesBuildPhase;
			buildActionMask = 2147483647;
			files = (
				19B68E6F27E8FBAD0003DCBC /* AppDelegate.swift in Sources */,
				1910564C27F4AA9600076249 /* Session.swift in Sources */,
				19B68E7127E8FBAD0003DCBC /* SceneDelegate.swift in Sources */,
				1910564127F4781D00076249 /* FriendsViewModel.swift in Sources */,
				19B68E7627E8FBAD0003DCBC /* GBSwiftUI.xcdatamodeld in Sources */,
				19A494FF27F7654900767DBA /* RealmManager.swift in Sources */,
				19B87CBD27F30BAE00DA3CAE /* GalleryRow.swift in Sources */,
				19A04B5A27FCCF9C00A3284C /* GroupService.swift in Sources */,
				19B68F0A27EC9B520003DCBC /* FriendsView.swift in Sources */,
				19B68EFA27EB574F0003DCBC /* CircleImage.swift in Sources */,
				19B87CC327F3433600DA3CAE /* GroupsView.swift in Sources */,
				19B87CC627F343DB00DA3CAE /* NewsView.swift in Sources */,
				19A04B6227FCD30800A3284C /* GroupsViewModel.swift in Sources */,
				1910564A27F4991700076249 /* PhotoService.swift in Sources */,
				19B68F0227EC98710003DCBC /* ContainerView.swift in Sources */,
				1910565727F5A47D00076249 /* Photo.swift in Sources */,
				19B68EEF27EB437F0003DCBC /* GroupRow.swift in Sources */,
				19B68EEA27EB436B0003DCBC /* UserRow.swift in Sources */,
				1910565427F5A30700076249 /* User.swift in Sources */,
				1910565927F5AE2B00076249 /* UserService.swift in Sources */,
				19BE640D280725B10099663F /* CodingStyle.swift in Sources */,
				19A04B6027FCD2F300A3284C /* Group.swift in Sources */,
				1910564527F491F300076249 /* FriendGalleryViewModel.swift in Sources */,
				19B68E7327E8FBAD0003DCBC /* LoginView.swift in Sources */,
				19B68F1327ECE8560003DCBC /* FriendGalleryView.swift in Sources */,
			);
			runOnlyForDeploymentPostprocessing = 0;
		};
		19B68E8027E8FBB10003DCBC /* Sources */ = {
			isa = PBXSourcesBuildPhase;
			buildActionMask = 2147483647;
			files = (
				19B68E8927E8FBB10003DCBC /* GBSwiftUITests.swift in Sources */,
			);
			runOnlyForDeploymentPostprocessing = 0;
		};
		19B68E8B27E8FBB10003DCBC /* Sources */ = {
			isa = PBXSourcesBuildPhase;
			buildActionMask = 2147483647;
			files = (
				19B68E9427E8FBB10003DCBC /* GBSwiftUIUITests.swift in Sources */,
			);
			runOnlyForDeploymentPostprocessing = 0;
		};
/* End PBXSourcesBuildPhase section */

/* Begin PBXTargetDependency section */
		19B68E8627E8FBB10003DCBC /* PBXTargetDependency */ = {
			isa = PBXTargetDependency;
			target = 19B68E6A27E8FBAD0003DCBC /* GBSwiftUI */;
			targetProxy = 19B68E8527E8FBB10003DCBC /* PBXContainerItemProxy */;
		};
		19B68E9127E8FBB10003DCBC /* PBXTargetDependency */ = {
			isa = PBXTargetDependency;
			target = 19B68E6A27E8FBAD0003DCBC /* GBSwiftUI */;
			targetProxy = 19B68E9027E8FBB10003DCBC /* PBXContainerItemProxy */;
		};
/* End PBXTargetDependency section */

/* Begin PBXVariantGroup section */
		19B68E7C27E8FBB00003DCBC /* LaunchScreen.storyboard */ = {
			isa = PBXVariantGroup;
			children = (
				19B68E7D27E8FBB00003DCBC /* Base */,
			);
			name = LaunchScreen.storyboard;
			sourceTree = "<group>";
		};
/* End PBXVariantGroup section */

/* Begin XCBuildConfiguration section */
		19B68E9627E8FBB10003DCBC /* Debug */ = {
			isa = XCBuildConfiguration;
			buildSettings = {
				ALWAYS_SEARCH_USER_PATHS = NO;
				CLANG_ANALYZER_NONNULL = YES;
				CLANG_ANALYZER_NUMBER_OBJECT_CONVERSION = YES_AGGRESSIVE;
				CLANG_CXX_LANGUAGE_STANDARD = "gnu++14";
				CLANG_CXX_LIBRARY = "libc++";
				CLANG_ENABLE_MODULES = YES;
				CLANG_ENABLE_OBJC_ARC = YES;
				CLANG_ENABLE_OBJC_WEAK = YES;
				CLANG_WARN_BLOCK_CAPTURE_AUTORELEASING = YES;
				CLANG_WARN_BOOL_CONVERSION = YES;
				CLANG_WARN_COMMA = YES;
				CLANG_WARN_CONSTANT_CONVERSION = YES;
				CLANG_WARN_DEPRECATED_OBJC_IMPLEMENTATIONS = YES;
				CLANG_WARN_DIRECT_OBJC_ISA_USAGE = YES_ERROR;
				CLANG_WARN_DOCUMENTATION_COMMENTS = YES;
				CLANG_WARN_EMPTY_BODY = YES;
				CLANG_WARN_ENUM_CONVERSION = YES;
				CLANG_WARN_INFINITE_RECURSION = YES;
				CLANG_WARN_INT_CONVERSION = YES;
				CLANG_WARN_NON_LITERAL_NULL_CONVERSION = YES;
				CLANG_WARN_OBJC_IMPLICIT_RETAIN_SELF = YES;
				CLANG_WARN_OBJC_LITERAL_CONVERSION = YES;
				CLANG_WARN_OBJC_ROOT_CLASS = YES_ERROR;
				CLANG_WARN_QUOTED_INCLUDE_IN_FRAMEWORK_HEADER = YES;
				CLANG_WARN_RANGE_LOOP_ANALYSIS = YES;
				CLANG_WARN_STRICT_PROTOTYPES = YES;
				CLANG_WARN_SUSPICIOUS_MOVE = YES;
				CLANG_WARN_UNGUARDED_AVAILABILITY = YES_AGGRESSIVE;
				CLANG_WARN_UNREACHABLE_CODE = YES;
				CLANG_WARN__DUPLICATE_METHOD_MATCH = YES;
				COPY_PHASE_STRIP = NO;
				DEBUG_INFORMATION_FORMAT = dwarf;
				ENABLE_STRICT_OBJC_MSGSEND = YES;
				ENABLE_TESTABILITY = YES;
				GCC_C_LANGUAGE_STANDARD = gnu11;
				GCC_DYNAMIC_NO_PIC = NO;
				GCC_NO_COMMON_BLOCKS = YES;
				GCC_OPTIMIZATION_LEVEL = 0;
				GCC_PREPROCESSOR_DEFINITIONS = (
					"DEBUG=1",
					"$(inherited)",
				);
				GCC_WARN_64_TO_32_BIT_CONVERSION = YES;
				GCC_WARN_ABOUT_RETURN_TYPE = YES_ERROR;
				GCC_WARN_UNDECLARED_SELECTOR = YES;
				GCC_WARN_UNINITIALIZED_AUTOS = YES_AGGRESSIVE;
				GCC_WARN_UNUSED_FUNCTION = YES;
				GCC_WARN_UNUSED_VARIABLE = YES;
				IPHONEOS_DEPLOYMENT_TARGET = 14.2;
				MTL_ENABLE_DEBUG_INFO = INCLUDE_SOURCE;
				MTL_FAST_MATH = YES;
				ONLY_ACTIVE_ARCH = YES;
				SDKROOT = iphoneos;
				SWIFT_ACTIVE_COMPILATION_CONDITIONS = DEBUG;
				SWIFT_OPTIMIZATION_LEVEL = "-Onone";
			};
			name = Debug;
		};
		19B68E9727E8FBB10003DCBC /* Release */ = {
			isa = XCBuildConfiguration;
			buildSettings = {
				ALWAYS_SEARCH_USER_PATHS = NO;
				CLANG_ANALYZER_NONNULL = YES;
				CLANG_ANALYZER_NUMBER_OBJECT_CONVERSION = YES_AGGRESSIVE;
				CLANG_CXX_LANGUAGE_STANDARD = "gnu++14";
				CLANG_CXX_LIBRARY = "libc++";
				CLANG_ENABLE_MODULES = YES;
				CLANG_ENABLE_OBJC_ARC = YES;
				CLANG_ENABLE_OBJC_WEAK = YES;
				CLANG_WARN_BLOCK_CAPTURE_AUTORELEASING = YES;
				CLANG_WARN_BOOL_CONVERSION = YES;
				CLANG_WARN_COMMA = YES;
				CLANG_WARN_CONSTANT_CONVERSION = YES;
				CLANG_WARN_DEPRECATED_OBJC_IMPLEMENTATIONS = YES;
				CLANG_WARN_DIRECT_OBJC_ISA_USAGE = YES_ERROR;
				CLANG_WARN_DOCUMENTATION_COMMENTS = YES;
				CLANG_WARN_EMPTY_BODY = YES;
				CLANG_WARN_ENUM_CONVERSION = YES;
				CLANG_WARN_INFINITE_RECURSION = YES;
				CLANG_WARN_INT_CONVERSION = YES;
				CLANG_WARN_NON_LITERAL_NULL_CONVERSION = YES;
				CLANG_WARN_OBJC_IMPLICIT_RETAIN_SELF = YES;
				CLANG_WARN_OBJC_LITERAL_CONVERSION = YES;
				CLANG_WARN_OBJC_ROOT_CLASS = YES_ERROR;
				CLANG_WARN_QUOTED_INCLUDE_IN_FRAMEWORK_HEADER = YES;
				CLANG_WARN_RANGE_LOOP_ANALYSIS = YES;
				CLANG_WARN_STRICT_PROTOTYPES = YES;
				CLANG_WARN_SUSPICIOUS_MOVE = YES;
				CLANG_WARN_UNGUARDED_AVAILABILITY = YES_AGGRESSIVE;
				CLANG_WARN_UNREACHABLE_CODE = YES;
				CLANG_WARN__DUPLICATE_METHOD_MATCH = YES;
				COPY_PHASE_STRIP = NO;
				DEBUG_INFORMATION_FORMAT = "dwarf-with-dsym";
				ENABLE_NS_ASSERTIONS = NO;
				ENABLE_STRICT_OBJC_MSGSEND = YES;
				GCC_C_LANGUAGE_STANDARD = gnu11;
				GCC_NO_COMMON_BLOCKS = YES;
				GCC_WARN_64_TO_32_BIT_CONVERSION = YES;
				GCC_WARN_ABOUT_RETURN_TYPE = YES_ERROR;
				GCC_WARN_UNDECLARED_SELECTOR = YES;
				GCC_WARN_UNINITIALIZED_AUTOS = YES_AGGRESSIVE;
				GCC_WARN_UNUSED_FUNCTION = YES;
				GCC_WARN_UNUSED_VARIABLE = YES;
				IPHONEOS_DEPLOYMENT_TARGET = 14.2;
				MTL_ENABLE_DEBUG_INFO = NO;
				MTL_FAST_MATH = YES;
				SDKROOT = iphoneos;
				SWIFT_COMPILATION_MODE = wholemodule;
				SWIFT_OPTIMIZATION_LEVEL = "-O";
				VALIDATE_PRODUCT = YES;
			};
			name = Release;
		};
		19B68E9927E8FBB10003DCBC /* Debug */ = {
			isa = XCBuildConfiguration;
			buildSettings = {
				ASSETCATALOG_COMPILER_APPICON_NAME = AppIcon;
				ASSETCATALOG_COMPILER_GLOBAL_ACCENT_COLOR_NAME = AccentColor;
				CODE_SIGN_STYLE = Automatic;
				DEVELOPMENT_ASSET_PATHS = "\"GBSwiftUI/Preview Content\"";
				DEVELOPMENT_TEAM = R48C6P8ZZH;
				ENABLE_PREVIEWS = YES;
				INFOPLIST_FILE = GBSwiftUI/Info.plist;
				LD_RUNPATH_SEARCH_PATHS = (
					"$(inherited)",
					"@executable_path/Frameworks",
				);
				PRODUCT_BUNDLE_IDENTIFIER = com.olyagavrilko.GBSwiftUI;
				PRODUCT_NAME = "$(TARGET_NAME)";
				SWIFT_VERSION = 5.0;
				TARGETED_DEVICE_FAMILY = "1,2";
			};
			name = Debug;
		};
		19B68E9A27E8FBB10003DCBC /* Release */ = {
			isa = XCBuildConfiguration;
			buildSettings = {
				ASSETCATALOG_COMPILER_APPICON_NAME = AppIcon;
				ASSETCATALOG_COMPILER_GLOBAL_ACCENT_COLOR_NAME = AccentColor;
				CODE_SIGN_STYLE = Automatic;
				DEVELOPMENT_ASSET_PATHS = "\"GBSwiftUI/Preview Content\"";
				DEVELOPMENT_TEAM = R48C6P8ZZH;
				ENABLE_PREVIEWS = YES;
				INFOPLIST_FILE = GBSwiftUI/Info.plist;
				LD_RUNPATH_SEARCH_PATHS = (
					"$(inherited)",
					"@executable_path/Frameworks",
				);
				PRODUCT_BUNDLE_IDENTIFIER = com.olyagavrilko.GBSwiftUI;
				PRODUCT_NAME = "$(TARGET_NAME)";
				SWIFT_VERSION = 5.0;
				TARGETED_DEVICE_FAMILY = "1,2";
			};
			name = Release;
		};
		19B68E9C27E8FBB10003DCBC /* Debug */ = {
			isa = XCBuildConfiguration;
			buildSettings = {
				ALWAYS_EMBED_SWIFT_STANDARD_LIBRARIES = YES;
				BUNDLE_LOADER = "$(TEST_HOST)";
				CODE_SIGN_STYLE = Automatic;
				DEVELOPMENT_TEAM = R48C6P8ZZH;
				INFOPLIST_FILE = GBSwiftUITests/Info.plist;
				IPHONEOS_DEPLOYMENT_TARGET = 14.2;
				LD_RUNPATH_SEARCH_PATHS = (
					"$(inherited)",
					"@executable_path/Frameworks",
					"@loader_path/Frameworks",
				);
				PRODUCT_BUNDLE_IDENTIFIER = com.olyagavrilko.GBSwiftUITests;
				PRODUCT_NAME = "$(TARGET_NAME)";
				SWIFT_VERSION = 5.0;
				TARGETED_DEVICE_FAMILY = "1,2";
				TEST_HOST = "$(BUILT_PRODUCTS_DIR)/GBSwiftUI.app/GBSwiftUI";
			};
			name = Debug;
		};
		19B68E9D27E8FBB10003DCBC /* Release */ = {
			isa = XCBuildConfiguration;
			buildSettings = {
				ALWAYS_EMBED_SWIFT_STANDARD_LIBRARIES = YES;
				BUNDLE_LOADER = "$(TEST_HOST)";
				CODE_SIGN_STYLE = Automatic;
				DEVELOPMENT_TEAM = R48C6P8ZZH;
				INFOPLIST_FILE = GBSwiftUITests/Info.plist;
				IPHONEOS_DEPLOYMENT_TARGET = 14.2;
				LD_RUNPATH_SEARCH_PATHS = (
					"$(inherited)",
					"@executable_path/Frameworks",
					"@loader_path/Frameworks",
				);
				PRODUCT_BUNDLE_IDENTIFIER = com.olyagavrilko.GBSwiftUITests;
				PRODUCT_NAME = "$(TARGET_NAME)";
				SWIFT_VERSION = 5.0;
				TARGETED_DEVICE_FAMILY = "1,2";
				TEST_HOST = "$(BUILT_PRODUCTS_DIR)/GBSwiftUI.app/GBSwiftUI";
			};
			name = Release;
		};
		19B68E9F27E8FBB10003DCBC /* Debug */ = {
			isa = XCBuildConfiguration;
			buildSettings = {
				ALWAYS_EMBED_SWIFT_STANDARD_LIBRARIES = YES;
				CODE_SIGN_STYLE = Automatic;
				DEVELOPMENT_TEAM = R48C6P8ZZH;
				INFOPLIST_FILE = GBSwiftUIUITests/Info.plist;
				LD_RUNPATH_SEARCH_PATHS = (
					"$(inherited)",
					"@executable_path/Frameworks",
					"@loader_path/Frameworks",
				);
				PRODUCT_BUNDLE_IDENTIFIER = com.olyagavrilko.GBSwiftUIUITests;
				PRODUCT_NAME = "$(TARGET_NAME)";
				SWIFT_VERSION = 5.0;
				TARGETED_DEVICE_FAMILY = "1,2";
				TEST_TARGET_NAME = GBSwiftUI;
			};
			name = Debug;
		};
		19B68EA027E8FBB10003DCBC /* Release */ = {
			isa = XCBuildConfiguration;
			buildSettings = {
				ALWAYS_EMBED_SWIFT_STANDARD_LIBRARIES = YES;
				CODE_SIGN_STYLE = Automatic;
				DEVELOPMENT_TEAM = R48C6P8ZZH;
				INFOPLIST_FILE = GBSwiftUIUITests/Info.plist;
				LD_RUNPATH_SEARCH_PATHS = (
					"$(inherited)",
					"@executable_path/Frameworks",
					"@loader_path/Frameworks",
				);
				PRODUCT_BUNDLE_IDENTIFIER = com.olyagavrilko.GBSwiftUIUITests;
				PRODUCT_NAME = "$(TARGET_NAME)";
				SWIFT_VERSION = 5.0;
				TARGETED_DEVICE_FAMILY = "1,2";
				TEST_TARGET_NAME = GBSwiftUI;
			};
			name = Release;
		};
/* End XCBuildConfiguration section */

/* Begin XCConfigurationList section */
		19B68E6627E8FBAD0003DCBC /* Build configuration list for PBXProject "GBSwiftUI" */ = {
			isa = XCConfigurationList;
			buildConfigurations = (
				19B68E9627E8FBB10003DCBC /* Debug */,
				19B68E9727E8FBB10003DCBC /* Release */,
			);
			defaultConfigurationIsVisible = 0;
			defaultConfigurationName = Release;
		};
		19B68E9827E8FBB10003DCBC /* Build configuration list for PBXNativeTarget "GBSwiftUI" */ = {
			isa = XCConfigurationList;
			buildConfigurations = (
				19B68E9927E8FBB10003DCBC /* Debug */,
				19B68E9A27E8FBB10003DCBC /* Release */,
			);
			defaultConfigurationIsVisible = 0;
			defaultConfigurationName = Release;
		};
		19B68E9B27E8FBB10003DCBC /* Build configuration list for PBXNativeTarget "GBSwiftUITests" */ = {
			isa = XCConfigurationList;
			buildConfigurations = (
				19B68E9C27E8FBB10003DCBC /* Debug */,
				19B68E9D27E8FBB10003DCBC /* Release */,
			);
			defaultConfigurationIsVisible = 0;
			defaultConfigurationName = Release;
		};
		19B68E9E27E8FBB10003DCBC /* Build configuration list for PBXNativeTarget "GBSwiftUIUITests" */ = {
			isa = XCConfigurationList;
			buildConfigurations = (
				19B68E9F27E8FBB10003DCBC /* Debug */,
				19B68EA027E8FBB10003DCBC /* Release */,
			);
			defaultConfigurationIsVisible = 0;
			defaultConfigurationName = Release;
		};
/* End XCConfigurationList section */

/* Begin XCRemoteSwiftPackageReference section */
		1910564D27F5A05100076249 /* XCRemoteSwiftPackageReference "realm-swift" */ = {
			isa = XCRemoteSwiftPackageReference;
			repositoryURL = "https://github.com/realm/realm-swift";
			requirement = {
				kind = upToNextMajorVersion;
				minimumVersion = 10.24.2;
			};
		};
		19A494FA27F729C500767DBA /* XCRemoteSwiftPackageReference "Kingfisher" */ = {
			isa = XCRemoteSwiftPackageReference;
			repositoryURL = "https://github.com/onevcat/Kingfisher";
			requirement = {
				kind = upToNextMajorVersion;
				minimumVersion = 7.0.0;
			};
		};
		19B87CB827F23F1300DA3CAE /* XCRemoteSwiftPackageReference "ASCollectionView" */ = {
			isa = XCRemoteSwiftPackageReference;
			repositoryURL = "https://github.com/apptekstudios/ASCollectionView";
			requirement = {
				branch = master;
				kind = branch;
			};
		};
/* End XCRemoteSwiftPackageReference section */

/* Begin XCSwiftPackageProductDependency section */
		1910564E27F5A05200076249 /* Realm */ = {
			isa = XCSwiftPackageProductDependency;
			package = 1910564D27F5A05100076249 /* XCRemoteSwiftPackageReference "realm-swift" */;
			productName = Realm;
		};
		1910565027F5A05200076249 /* RealmSwift */ = {
			isa = XCSwiftPackageProductDependency;
			package = 1910564D27F5A05100076249 /* XCRemoteSwiftPackageReference "realm-swift" */;
			productName = RealmSwift;
		};
		19A494FB27F729C600767DBA /* Kingfisher */ = {
			isa = XCSwiftPackageProductDependency;
			package = 19A494FA27F729C500767DBA /* XCRemoteSwiftPackageReference "Kingfisher" */;
			productName = Kingfisher;
		};
		19B87CB927F23F1300DA3CAE /* ASCollectionView */ = {
			isa = XCSwiftPackageProductDependency;
			package = 19B87CB827F23F1300DA3CAE /* XCRemoteSwiftPackageReference "ASCollectionView" */;
			productName = ASCollectionView;
		};
/* End XCSwiftPackageProductDependency section */

/* Begin XCVersionGroup section */
		19B68E7427E8FBAD0003DCBC /* GBSwiftUI.xcdatamodeld */ = {
			isa = XCVersionGroup;
			children = (
				19B68E7527E8FBAD0003DCBC /* GBSwiftUI.xcdatamodel */,
			);
			currentVersion = 19B68E7527E8FBAD0003DCBC /* GBSwiftUI.xcdatamodel */;
			path = GBSwiftUI.xcdatamodeld;
			sourceTree = "<group>";
			versionGroupType = wrapper.xcdatamodel;
		};
/* End XCVersionGroup section */
	};
	rootObject = 19B68E6327E8FBAD0003DCBC /* Project object */;
}
